
Microsoft Visual Studio Solution File, Format Version 12.00
# Visual Studio 2013
VisualStudioVersion = 12.0.21005.1
MinimumVisualStudioVersion = 10.0.40219.1
Project("{8BC9CEB8-8B4A-11D0-8D11-00A0C91BC942}") = "The Saiyan Project", "src\The Saiyan Project.vcxproj", "{846B0DC5-F1D4-4FA1-80F5-F86E4CFA2A2E}"
EndProject
Global
	GlobalSection(SolutionConfigurationPlatforms) = preSolution
		CodeAnalysis|Mixed Platforms = CodeAnalysis|Mixed Platforms
		CodeAnalysis|Win32 = CodeAnalysis|Win32
		CodeAnalysis|Xbox 360 = CodeAnalysis|Xbox 360
		Debug|Mixed Platforms = Debug|Mixed Platforms
		Debug|Win32 = Debug|Win32
		Debug|Xbox 360 = Debug|Xbox 360
		Profile_FastCap|Mixed Platforms = Profile_FastCap|Mixed Platforms
		Profile_FastCap|Win32 = Profile_FastCap|Win32
		Profile_FastCap|Xbox 360 = Profile_FastCap|Xbox 360
		Profile|Mixed Platforms = Profile|Mixed Platforms
		Profile|Win32 = Profile|Win32
		Profile|Xbox 360 = Profile|Xbox 360
		Release_LTCG|Mixed Platforms = Release_LTCG|Mixed Platforms
		Release_LTCG|Win32 = Release_LTCG|Win32
		Release_LTCG|Xbox 360 = Release_LTCG|Xbox 360
		Release|Mixed Platforms = Release|Mixed Platforms
		Release|Win32 = Release|Win32
		Release|Xbox 360 = Release|Xbox 360
	EndGlobalSection
	GlobalSection(ProjectConfigurationPlatforms) = postSolution
		{846B0DC5-F1D4-4FA1-80F5-F86E4CFA2A2E}.CodeAnalysis|Mixed Platforms.ActiveCfg = CodeAnalysis|Xbox 360
		{846B0DC5-F1D4-4FA1-80F5-F86E4CFA2A2E}.CodeAnalysis|Mixed Platforms.Build.0 = CodeAnalysis|Xbox 360
		{846B0DC5-F1D4-4FA1-80F5-F86E4CFA2A2E}.CodeAnalysis|Win32.ActiveCfg = CodeAnalysis|Xbox 360
		{846B0DC5-F1D4-4FA1-80F5-F86E4CFA2A2E}.CodeAnalysis|Xbox 360.ActiveCfg = CodeAnalysis|Xbox 360
		{846B0DC5-F1D4-4FA1-80F5-F86E4CFA2A2E}.CodeAnalysis|Xbox 360.Build.0 = CodeAnalysis|Xbox 360
		{846B0DC5-F1D4-4FA1-80F5-F86E4CFA2A2E}.Debug|Mixed Platforms.ActiveCfg = Debug|Xbox 360
		{846B0DC5-F1D4-4FA1-80F5-F86E4CFA2A2E}.Debug|Mixed Platforms.Build.0 = Debug|Xbox 360
		{846B0DC5-F1D4-4FA1-80F5-F86E4CFA2A2E}.Debug|Win32.ActiveCfg = Debug|Xbox 360
		{846B0DC5-F1D4-4FA1-80F5-F86E4CFA2A2E}.Debug|Xbox 360.ActiveCfg = Debug|Xbox 360
		{846B0DC5-F1D4-4FA1-80F5-F86E4CFA2A2E}.Debug|Xbox 360.Build.0 = Debug|Xbox 360
		{846B0DC5-F1D4-4FA1-80F5-F86E4CFA2A2E}.Profile_FastCap|Mixed Platforms.ActiveCfg = Profile_FastCap|Xbox 360
		{846B0DC5-F1D4-4FA1-80F5-F86E4CFA2A2E}.Profile_FastCap|Mixed Platforms.Build.0 = Profile_FastCap|Xbox 360
		{846B0DC5-F1D4-4FA1-80F5-F86E4CFA2A2E}.Profile_FastCap|Win32.ActiveCfg = Profile_FastCap|Xbox 360
		{846B0DC5-F1D4-4FA1-80F5-F86E4CFA2A2E}.Profile_FastCap|Xbox 360.ActiveCfg = Profile_FastCap|Xbox 360
		{846B0DC5-F1D4-4FA1-80F5-F86E4CFA2A2E}.Profile_FastCap|Xbox 360.Build.0 = Profile_FastCap|Xbox 360
		{846B0DC5-F1D4-4FA1-80F5-F86E4CFA2A2E}.Profile|Mixed Platforms.ActiveCfg = Profile|Xbox 360
		{846B0DC5-F1D4-4FA1-80F5-F86E4CFA2A2E}.Profile|Mixed Platforms.Build.0 = Profile|Xbox 360
		{846B0DC5-F1D4-4FA1-80F5-F86E4CFA2A2E}.Profile|Win32.ActiveCfg = Profile|Xbox 360
		{846B0DC5-F1D4-4FA1-80F5-F86E4CFA2A2E}.Profile|Xbox 360.ActiveCfg = Profile|Xbox 360
		{846B0DC5-F1D4-4FA1-80F5-F86E4CFA2A2E}.Profile|Xbox 360.Build.0 = Profile|Xbox 360
		{846B0DC5-F1D4-4FA1-80F5-F86E4CFA2A2E}.Release_LTCG|Mixed Platforms.ActiveCfg = Release_LTCG|Xbox 360
		{846B0DC5-F1D4-4FA1-80F5-F86E4CFA2A2E}.Release_LTCG|Mixed Platforms.Build.0 = Release_LTCG|Xbox 360
		{846B0DC5-F1D4-4FA1-80F5-F86E4CFA2A2E}.Release_LTCG|Win32.ActiveCfg = Release_LTCG|Xbox 360
		{846B0DC5-F1D4-4FA1-80F5-F86E4CFA2A2E}.Release_LTCG|Xbox 360.ActiveCfg = Release_LTCG|Xbox 360
		{846B0DC5-F1D4-4FA1-80F5-F86E4CFA2A2E}.Release_LTCG|Xbox 360.Build.0 = Release_LTCG|Xbox 360
		{846B0DC5-F1D4-4FA1-80F5-F86E4CFA2A2E}.Release|Mixed Platforms.ActiveCfg = Release|Xbox 360
		{846B0DC5-F1D4-4FA1-80F5-F86E4CFA2A2E}.Release|Mixed Platforms.Build.0 = Release|Xbox 360
		{846B0DC5-F1D4-4FA1-80F5-F86E4CFA2A2E}.Release|Win32.ActiveCfg = Release|Xbox 360
		{846B0DC5-F1D4-4FA1-80F5-F86E4CFA2A2E}.Release|Xbox 360.ActiveCfg = Release|Xbox 360
		{846B0DC5-F1D4-4FA1-80F5-F86E4CFA2A2E}.Release|Xbox 360.Build.0 = Release|Xbox 360
	EndGlobalSection
	GlobalSection(SolutionProperties) = preSolution
		HideSolutionNode = FALSE
	EndGlobalSection
EndGlobal
